
Microsoft Visual Studio Solution File, Format Version 12.00
# Visual Studio Version 17
VisualStudioVersion = 17.8.34330.188
MinimumVisualStudioVersion = 10.0.40219.1
Project("{9A19103F-16F7-4668-BE54-9A1E7A4F7556}") = "WebApplicationJobs", "WebApplicationJobs\WebApplicationJobs.csproj", "{F9CCCD54-A5AF-44ED-90F2-B596E1EBFE4E}"
EndProject
Global
	GlobalSection(SolutionConfigurationPlatforms) = preSolution
		Debug|Any CPU = Debug|Any CPU
		Release|Any CPU = Release|Any CPU
	EndGlobalSection
	GlobalSection(ProjectConfigurationPlatforms) = postSolution
		{F9CCCD54-A5AF-44ED-90F2-B596E1EBFE4E}.Debug|Any CPU.ActiveCfg = Debug|Any CPU
		{F9CCCD54-A5AF-44ED-90F2-B596E1EBFE4E}.Debug|Any CPU.Build.0 = Debug|Any CPU
		{F9CCCD54-A5AF-44ED-90F2-B596E1EBFE4E}.Release|Any CPU.ActiveCfg = Release|Any CPU
		{F9CCCD54-A5AF-44ED-90F2-B596E1EBFE4E}.Release|Any CPU.Build.0 = Release|Any CPU
	EndGlobalSection
	GlobalSection(SolutionProperties) = preSolution
		HideSolutionNode = FALSE
	EndGlobalSection
	GlobalSection(ExtensibilityGlobals) = postSolution
		SolutionGuid = {80592E73-D530-43A8-8A39-A17A81D13DDA}
	EndGlobalSection
EndGlobal
